{
  "requires": true,
  "lockfileVersion": 1,
  "dependencies": {
    "async-limiter": {
      "version": "1.0.0",
      "resolved": "http://registry.npm.taobao.org/async-limiter/download/async-limiter-1.0.0.tgz",
      "integrity": "sha1-ePrtjD0HSrgfIrTphdeehzj3IPg="
    },
    "http": {
      "version": "0.0.0",
      "resolved": "http://registry.npm.taobao.org/http/download/http-0.0.0.tgz",
      "integrity": "sha1-huYybSnF0Dnen6xYSkVon5KfT3I="
    },
    "ws": {
      "version": "6.2.1",
      "resolved": "http://registry.npm.taobao.org/ws/download/ws-6.2.1.tgz?cache=0&other_urls=http%3A%2F%2Fregistry.npm.taobao.org%2Fws%2Fdownload%2Fws-6.2.1.tgz",
      "integrity": "sha1-RC/fCkftZPWbal2P8TD0dI7VJPs=",
      "requires": {
        "async-limiter": "~1.0.0"
      }
    }
  }
}
